hash: c8a62d4e7b2dd2c2a1d810d267f03ee775f25912dcc7626975043e69e29db079
updated: 2016-12-13T15:08:38.921830237Z
imports:
- name: github.com/jteeuwen/go-bindata
  version: bbd0c6e271208dce66d8fda4bc536453cd27fc4a
- name: github.com/voxelbrain/goptions
  version: 26cb8b04692384f4dc269de3b5fcf3e2ef78573e
testImports: []
